
Microsoft Visual Studio Solution File, Format Version 12.00
# Visual Studio Version 17
VisualStudioVersion = 17.9.34728.123
MinimumVisualStudioVersion = 10.0.40219.1
Project("{9A19103F-16F7-4668-BE54-9A1E7A4F7556}") = "BusinessObjects", "BusinessObjects\BusinessObjects.csproj", "{C1FA0826-A2AD-4C4C-A5CB-6E465239D7D6}"
EndProject
Project("{9A19103F-16F7-4668-BE54-9A1E7A4F7556}") = "Repository", "Repository\Repository.csproj", "{402E8A33-DD8B-420A-958D-905B6C97DD5A}"
EndProject
Project("{9A19103F-16F7-4668-BE54-9A1E7A4F7556}") = "Services", "Services\Services.csproj", "{99BDA67E-3CE2-44FA-B124-DFE8A6F82E70}"
EndProject
Project("{9A19103F-16F7-4668-BE54-9A1E7A4F7556}") = "WPFApp", "WPFApp\WPFApp.csproj", "{3894EBA1-A477-4D04-A3BB-E7ED616450B2}"
EndProject
Global
	GlobalSection(SolutionConfigurationPlatforms) = preSolution
		Debug|Any CPU = Debug|Any CPU
		Release|Any CPU = Release|Any CPU
	EndGlobalSection
	GlobalSection(ProjectConfigurationPlatforms) = postSolution
		{C1FA0826-A2AD-4C4C-A5CB-6E465239D7D6}.Debug|Any CPU.ActiveCfg = Debug|Any CPU
		{C1FA0826-A2AD-4C4C-A5CB-6E465239D7D6}.Debug|Any CPU.Build.0 = Debug|Any CPU
		{C1FA0826-A2AD-4C4C-A5CB-6E465239D7D6}.Release|Any CPU.ActiveCfg = Release|Any CPU
		{C1FA0826-A2AD-4C4C-A5CB-6E465239D7D6}.Release|Any CPU.Build.0 = Release|Any CPU
		{402E8A33-DD8B-420A-958D-905B6C97DD5A}.Debug|Any CPU.ActiveCfg = Debug|Any CPU
		{402E8A33-DD8B-420A-958D-905B6C97DD5A}.Debug|Any CPU.Build.0 = Debug|Any CPU
		{402E8A33-DD8B-420A-958D-905B6C97DD5A}.Release|Any CPU.ActiveCfg = Release|Any CPU
		{402E8A33-DD8B-420A-958D-905B6C97DD5A}.Release|Any CPU.Build.0 = Release|Any CPU
		{99BDA67E-3CE2-44FA-B124-DFE8A6F82E70}.Debug|Any CPU.ActiveCfg = Debug|Any CPU
		{99BDA67E-3CE2-44FA-B124-DFE8A6F82E70}.Debug|Any CPU.Build.0 = Debug|Any CPU
		{99BDA67E-3CE2-44FA-B124-DFE8A6F82E70}.Release|Any CPU.ActiveCfg = Release|Any CPU
		{99BDA67E-3CE2-44FA-B124-DFE8A6F82E70}.Release|Any CPU.Build.0 = Release|Any CPU
		{3894EBA1-A477-4D04-A3BB-E7ED616450B2}.Debug|Any CPU.ActiveCfg = Debug|Any CPU
		{3894EBA1-A477-4D04-A3BB-E7ED616450B2}.Debug|Any CPU.Build.0 = Debug|Any CPU
		{3894EBA1-A477-4D04-A3BB-E7ED616450B2}.Release|Any CPU.ActiveCfg = Release|Any CPU
		{3894EBA1-A477-4D04-A3BB-E7ED616450B2}.Release|Any CPU.Build.0 = Release|Any CPU
	EndGlobalSection
	GlobalSection(SolutionProperties) = preSolution
		HideSolutionNode = FALSE
	EndGlobalSection
	GlobalSection(ExtensibilityGlobals) = postSolution
		SolutionGuid = {73E8797E-49BF-48DB-9AE1-F5DD33475789}
	EndGlobalSection
EndGlobal
